
Microsoft Visual Studio Solution File, Format Version 12.00
# Visual Studio 15
VisualStudioVersion = 15.0.27703.2035
MinimumVisualStudioVersion = 10.0.40219.1
Project("{FAE04EC0-301F-11D3-BF4B-00C04F79EFBC}") = "CSharpGenericParametersConsoleApp", "CSharpGenericParametersConsoleApp\CSharpGenericParametersConsoleApp.csproj", "{2F06244A-6619-4D93-B65C-D006BAEBBB5A}"
EndProject
Global
	GlobalSection(SolutionConfigurationPlatforms) = preSolution
		Debug|Any CPU = Debug|Any CPU
		Release|Any CPU = Release|Any CPU
	EndGlobalSection
	GlobalSection(ProjectConfigurationPlatforms) = postSolution
		{2F06244A-6619-4D93-B65C-D006BAEBBB5A}.Debug|Any CPU.ActiveCfg = Debug|Any CPU
		{2F06244A-6619-4D93-B65C-D006BAEBBB5A}.Debug|Any CPU.Build.0 = Debug|Any CPU
		{2F06244A-6619-4D93-B65C-D006BAEBBB5A}.Release|Any CPU.ActiveCfg = Release|Any CPU
		{2F06244A-6619-4D93-B65C-D006BAEBBB5A}.Release|Any CPU.Build.0 = Release|Any CPU
	EndGlobalSection
	GlobalSection(SolutionProperties) = preSolution
		HideSolutionNode = FALSE
	EndGlobalSection
	GlobalSection(ExtensibilityGlobals) = postSolution
		SolutionGuid = {FEAC5C9A-EA6D-4D0F-9B1E-59AA4971F456}
	EndGlobalSection
EndGlobal
